
Microsoft Visual Studio Solution File, Format Version 12.00
# Visual Studio 15
Project("{FAE04EC0-301F-11D3-BF4B-00C04F79EFBC}") = "UnityEngine.UI", "UnityEngine.UI.csproj", "{3AF1A5CE-E242-1978-0007-C1F815AD4AC9}"
EndProject
Project("{FAE04EC0-301F-11D3-BF4B-00C04F79EFBC}") = "UnityEngine.TestRunner", "UnityEngine.TestRunner.csproj", "{D1542A0C-3B1C-CE9F-6EC7-CBF7FCC9655B}"
EndProject
Project("{FAE04EC0-301F-11D3-BF4B-00C04F79EFBC}") = "Unity.Mathematics", "Unity.Mathematics.csproj", "{77E12EED-D2C0-FCAD-F2C4-A7C5EC014649}"
EndProject
Project("{FAE04EC0-301F-11D3-BF4B-00C04F79EFBC}") = "Unity.2D.Animation.Triangle.Runtime", "Unity.2D.Animation.Triangle.Runtime.csproj", "{146CF425-C0BA-A8E6-2A08-774DDE7B7A04}"
EndProject
Project("{FAE04EC0-301F-11D3-BF4B-00C04F79EFBC}") = "AstarPathfindingProject", "AstarPathfindingProject.csproj", "{E990A9A7-91A8-3F8C-5FFD-A95D6DBBE50F}"
EndProject
Project("{FAE04EC0-301F-11D3-BF4B-00C04F79EFBC}") = "Unity.Timeline", "Unity.Timeline.csproj", "{8C4434DC-370B-D57C-117E-082839019D62}"
EndProject
Project("{FAE04EC0-301F-11D3-BF4B-00C04F79EFBC}") = "Unity.TextMeshPro", "Unity.TextMeshPro.csproj", "{1B676CAA-B201-FEB8-DD0D-7D2B60B5C878}"
EndProject
Project("{FAE04EC0-301F-11D3-BF4B-00C04F79EFBC}") = "Unity.2D.Animation.Runtime", "Unity.2D.Animation.Runtime.csproj", "{D0DDB7E9-9B04-AEC9-2D18-565D41D27A1E}"
EndProject
Project("{FAE04EC0-301F-11D3-BF4B-00C04F79EFBC}") = "Assembly-CSharp", "Assembly-CSharp.csproj", "{45EBA2E6-8E40-9CA1-57F7-8753C21AE1B4}"
EndProject
Project("{FAE04EC0-301F-11D3-BF4B-00C04F79EFBC}") = "Unity.2D.IK.Runtime", "Unity.2D.IK.Runtime.csproj", "{C1992900-6CC5-731F-358D-523D56F273EC}"
EndProject
Project("{FAE04EC0-301F-11D3-BF4B-00C04F79EFBC}") = "Unity.2D.Tilemap.Extras", "Unity.2D.Tilemap.Extras.csproj", "{1D79612C-4754-0645-FC8B-B1A73CCA9BF7}"
EndProject
Project("{FAE04EC0-301F-11D3-BF4B-00C04F79EFBC}") = "Unity.2D.SpriteShape.Runtime", "Unity.2D.SpriteShape.Runtime.csproj", "{0F2F5EB4-E62D-B1CF-0C04-6E058D829E14}"
EndProject
Project("{FAE04EC0-301F-11D3-BF4B-00C04F79EFBC}") = "Unity.2D.PixelPerfect", "Unity.2D.PixelPerfect.csproj", "{0347835E-DB5C-6A79-DC27-A889B7CB6BBB}"
EndProject
Project("{FAE04EC0-301F-11D3-BF4B-00C04F79EFBC}") = "Unity.2D.Common.Runtime", "Unity.2D.Common.Runtime.csproj", "{31D64FE6-F9D3-BBBC-19E0-AA902A22A42F}"
EndProject
Project("{FAE04EC0-301F-11D3-BF4B-00C04F79EFBC}") = "Unity.InternalAPIEngineBridge.001", "Unity.InternalAPIEngineBridge.001.csproj", "{85A60CE4-21F1-8CD3-67C1-50ECA4703141}"
EndProject
Project("{FAE04EC0-301F-11D3-BF4B-00C04F79EFBC}") = "UnityEditor.TestRunner", "UnityEditor.TestRunner.csproj", "{ED292354-F499-5345-D563-8509E35885F7}"
EndProject
Project("{FAE04EC0-301F-11D3-BF4B-00C04F79EFBC}") = "Unity.PlasticSCM.Editor", "Unity.PlasticSCM.Editor.csproj", "{03BFB589-0D15-D8B3-AD49-3FE8C5690326}"
EndProject
Project("{FAE04EC0-301F-11D3-BF4B-00C04F79EFBC}") = "UnityEditor.UI", "UnityEditor.UI.csproj", "{0DA1D5C6-DBD7-2D1E-AB22-D0535009BFC2}"
EndProject
Project("{FAE04EC0-301F-11D3-BF4B-00C04F79EFBC}") = "Unity.VisualStudio.Editor", "Unity.VisualStudio.Editor.csproj", "{34904695-713F-E15D-1125-45D32386B169}"
EndProject
Project("{FAE04EC0-301F-11D3-BF4B-00C04F79EFBC}") = "Unity.Timeline.Editor", "Unity.Timeline.Editor.csproj", "{BB8CE91A-B71D-E489-C2F5-69B9572AEEB3}"
EndProject
Project("{FAE04EC0-301F-11D3-BF4B-00C04F79EFBC}") = "Unity.2D.Psdimporter.Editor", "Unity.2D.Psdimporter.Editor.csproj", "{D7F55878-EB74-D5A3-D54C-E2D467D9A1DD}"
EndProject
Project("{FAE04EC0-301F-11D3-BF4B-00C04F79EFBC}") = "Unity.2D.Animation.Editor", "Unity.2D.Animation.Editor.csproj", "{1EE7CD7B-2C82-84C1-1F6E-4C63AD179C8B}"
EndProject
Project("{FAE04EC0-301F-11D3-BF4B-00C04F79EFBC}") = "Unity.TextMeshPro.Editor", "Unity.TextMeshPro.Editor.csproj", "{ADAB4591-A39A-DC73-CCC0-538F4D6EBACF}"
EndProject
Project("{FAE04EC0-301F-11D3-BF4B-00C04F79EFBC}") = "Unity.2D.SpriteShape.Editor", "Unity.2D.SpriteShape.Editor.csproj", "{3B0B19C9-79FF-E2E4-6A32-825149A46E19}"
EndProject
Project("{FAE04EC0-301F-11D3-BF4B-00C04F79EFBC}") = "Unity.CollabProxy.Editor", "Unity.CollabProxy.Editor.csproj", "{7D4A09AD-D6F5-4690-D54A-0F6748489615}"
EndProject
Project("{FAE04EC0-301F-11D3-BF4B-00C04F79EFBC}") = "PsdPlugin", "PsdPlugin.csproj", "{3461699E-0A32-E7D1-F953-E5112A48D82A}"
EndProject
Project("{FAE04EC0-301F-11D3-BF4B-00C04F79EFBC}") = "Unity.2D.Path.Editor", "Unity.2D.Path.Editor.csproj", "{DEE17080-2A8A-C99D-C851-25D6FA10C3E7}"
EndProject
Project("{FAE04EC0-301F-11D3-BF4B-00C04F79EFBC}") = "Unity.Rider.Editor", "Unity.Rider.Editor.csproj", "{883D9DAC-7778-A609-235B-E215E7693333}"
EndProject
Project("{FAE04EC0-301F-11D3-BF4B-00C04F79EFBC}") = "PackageToolsEditor", "PackageToolsEditor.csproj", "{42CC9136-CD90-00D9-A1A2-DF24AB82CA29}"
EndProject
Project("{FAE04EC0-301F-11D3-BF4B-00C04F79EFBC}") = "Unity.2D.IK.Editor", "Unity.2D.IK.Editor.csproj", "{3FAA893D-581D-EF47-2B2A-3036E4C63F93}"
EndProject
Project("{FAE04EC0-301F-11D3-BF4B-00C04F79EFBC}") = "Unity.SysrootPackage.Editor", "Unity.SysrootPackage.Editor.csproj", "{B3125B20-429E-0196-1B35-D14378385A00}"
EndProject
Project("{FAE04EC0-301F-11D3-BF4B-00C04F79EFBC}") = "Unity.2D.Sprite.Editor", "Unity.2D.Sprite.Editor.csproj", "{1E832BEC-AEE0-BB09-F223-13B3AA258431}"
EndProject
Project("{FAE04EC0-301F-11D3-BF4B-00C04F79EFBC}") = "Unity.2D.Tilemap.Editor", "Unity.2D.Tilemap.Editor.csproj", "{FC8FD4EF-FD9E-769B-517B-7BB0C3037E5F}"
EndProject
Project("{FAE04EC0-301F-11D3-BF4B-00C04F79EFBC}") = "Unity.2D.Tilemap.Extras.Editor", "Unity.2D.Tilemap.Extras.Editor.csproj", "{83131542-D28F-34D5-F948-E86A5D0C220D}"
EndProject
Project("{FAE04EC0-301F-11D3-BF4B-00C04F79EFBC}") = "Unity.2D.PixelPerfect.Editor", "Unity.2D.PixelPerfect.Editor.csproj", "{A71DB68C-6D87-8FFD-DEAD-8DE2FFF03F00}"
EndProject
Project("{FAE04EC0-301F-11D3-BF4B-00C04F79EFBC}") = "Unity.VSCode.Editor", "Unity.VSCode.Editor.csproj", "{4298B5E9-80CB-7BDD-376D-DFE742E5C877}"
EndProject
Project("{FAE04EC0-301F-11D3-BF4B-00C04F79EFBC}") = "Unity.Toolchain.Win-x86_64-Linux-x86_64", "Unity.Toolchain.Win-x86_64-Linux-x86_64.csproj", "{E603D62A-3B48-315E-3F78-966CED8CB27E}"
EndProject
Project("{FAE04EC0-301F-11D3-BF4B-00C04F79EFBC}") = "AstarPathfindingProjectEditor", "AstarPathfindingProjectEditor.csproj", "{D18EDB93-60AA-7CAB-0361-B57C04493A24}"
EndProject
Project("{FAE04EC0-301F-11D3-BF4B-00C04F79EFBC}") = "Unity.2D.Common.Editor", "Unity.2D.Common.Editor.csproj", "{0BC040EC-3850-B6B0-D620-356EF77B83B5}"
EndProject
Project("{FAE04EC0-301F-11D3-BF4B-00C04F79EFBC}") = "Unity.Mathematics.Editor", "Unity.Mathematics.Editor.csproj", "{D3E1B78E-61D4-CF0C-34AA-0C88F00E8535}"
EndProject
Project("{FAE04EC0-301F-11D3-BF4B-00C04F79EFBC}") = "Unity.InternalAPIEditorBridge.001", "Unity.InternalAPIEditorBridge.001.csproj", "{6283ACE6-D973-1FF1-7D88-F2F4A8064B02}"
EndProject
Project("{FAE04EC0-301F-11D3-BF4B-00C04F79EFBC}") = "Unity.Sysroot.Linux_x86_64", "Unity.Sysroot.Linux_x86_64.csproj", "{E31CB371-7DB0-2FC6-7BC8-98BC8EF1341D}"
EndProject
Global
	GlobalSection(SolutionConfigurationPlatforms) = preSolution
		Debug|Any CPU = Debug|Any CPU
		Release|Any CPU = Release|Any CPU
	EndGlobalSection
	GlobalSection(ProjectConfigurationPlatforms) = postSolution
		{3AF1A5CE-E242-1978-0007-C1F815AD4AC9}.Debug|Any CPU.ActiveCfg = Debug|Any CPU
		{3AF1A5CE-E242-1978-0007-C1F815AD4AC9}.Debug|Any CPU.Build.0 = Debug|Any CPU
		{3AF1A5CE-E242-1978-0007-C1F815AD4AC9}.Release|Any CPU.ActiveCfg = Release|Any CPU
		{3AF1A5CE-E242-1978-0007-C1F815AD4AC9}.Release|Any CPU.Build.0 = Release|Any CPU
		{D1542A0C-3B1C-CE9F-6EC7-CBF7FCC9655B}.Debug|Any CPU.ActiveCfg = Debug|Any CPU
		{D1542A0C-3B1C-CE9F-6EC7-CBF7FCC9655B}.Debug|Any CPU.Build.0 = Debug|Any CPU
		{D1542A0C-3B1C-CE9F-6EC7-CBF7FCC9655B}.Release|Any CPU.ActiveCfg = Release|Any CPU
		{D1542A0C-3B1C-CE9F-6EC7-CBF7FCC9655B}.Release|Any CPU.Build.0 = Release|Any CPU
		{77E12EED-D2C0-FCAD-F2C4-A7C5EC014649}.Debug|Any CPU.ActiveCfg = Debug|Any CPU
		{77E12EED-D2C0-FCAD-F2C4-A7C5EC014649}.Debug|Any CPU.Build.0 = Debug|Any CPU
		{77E12EED-D2C0-FCAD-F2C4-A7C5EC014649}.Release|Any CPU.ActiveCfg = Release|Any CPU
		{77E12EED-D2C0-FCAD-F2C4-A7C5EC014649}.Release|Any CPU.Build.0 = Release|Any CPU
		{146CF425-C0BA-A8E6-2A08-774DDE7B7A04}.Debug|Any CPU.ActiveCfg = Debug|Any CPU
		{146CF425-C0BA-A8E6-2A08-774DDE7B7A04}.Debug|Any CPU.Build.0 = Debug|Any CPU
		{146CF425-C0BA-A8E6-2A08-774DDE7B7A04}.Release|Any CPU.ActiveCfg = Release|Any CPU
		{146CF425-C0BA-A8E6-2A08-774DDE7B7A04}.Release|Any CPU.Build.0 = Release|Any CPU
		{E990A9A7-91A8-3F8C-5FFD-A95D6DBBE50F}.Debug|Any CPU.ActiveCfg = Debug|Any CPU
		{E990A9A7-91A8-3F8C-5FFD-A95D6DBBE50F}.Debug|Any CPU.Build.0 = Debug|Any CPU
		{E990A9A7-91A8-3F8C-5FFD-A95D6DBBE50F}.Release|Any CPU.ActiveCfg = Release|Any CPU
		{E990A9A7-91A8-3F8C-5FFD-A95D6DBBE50F}.Release|Any CPU.Build.0 = Release|Any CPU
		{8C4434DC-370B-D57C-117E-082839019D62}.Debug|Any CPU.ActiveCfg = Debug|Any CPU
		{8C4434DC-370B-D57C-117E-082839019D62}.Debug|Any CPU.Build.0 = Debug|Any CPU
		{8C4434DC-370B-D57C-117E-082839019D62}.Release|Any CPU.ActiveCfg = Release|Any CPU
		{8C4434DC-370B-D57C-117E-082839019D62}.Release|Any CPU.Build.0 = Release|Any CPU
		{1B676CAA-B201-FEB8-DD0D-7D2B60B5C878}.Debug|Any CPU.ActiveCfg = Debug|Any CPU
		{1B676CAA-B201-FEB8-DD0D-7D2B60B5C878}.Debug|Any CPU.Build.0 = Debug|Any CPU
		{1B676CAA-B201-FEB8-DD0D-7D2B60B5C878}.Release|Any CPU.ActiveCfg = Release|Any CPU
		{1B676CAA-B201-FEB8-DD0D-7D2B60B5C878}.Release|Any CPU.Build.0 = Release|Any CPU
		{D0DDB7E9-9B04-AEC9-2D18-565D41D27A1E}.Debug|Any CPU.ActiveCfg = Debug|Any CPU
		{D0DDB7E9-9B04-AEC9-2D18-565D41D27A1E}.Debug|Any CPU.Build.0 = Debug|Any CPU
		{D0DDB7E9-9B04-AEC9-2D18-565D41D27A1E}.Release|Any CPU.ActiveCfg = Release|Any CPU
		{D0DDB7E9-9B04-AEC9-2D18-565D41D27A1E}.Release|Any CPU.Build.0 = Release|Any CPU
		{45EBA2E6-8E40-9CA1-57F7-8753C21AE1B4}.Debug|Any CPU.ActiveCfg = Debug|Any CPU
		{45EBA2E6-8E40-9CA1-57F7-8753C21AE1B4}.Debug|Any CPU.Build.0 = Debug|Any CPU
		{45EBA2E6-8E40-9CA1-57F7-8753C21AE1B4}.Release|Any CPU.ActiveCfg = Release|Any CPU
		{45EBA2E6-8E40-9CA1-57F7-8753C21AE1B4}.Release|Any CPU.Build.0 = Release|Any CPU
		{C1992900-6CC5-731F-358D-523D56F273EC}.Debug|Any CPU.ActiveCfg = Debug|Any CPU
		{C1992900-6CC5-731F-358D-523D56F273EC}.Debug|Any CPU.Build.0 = Debug|Any CPU
		{C1992900-6CC5-731F-358D-523D56F273EC}.Release|Any CPU.ActiveCfg = Release|Any CPU
		{C1992900-6CC5-731F-358D-523D56F273EC}.Release|Any CPU.Build.0 = Release|Any CPU
		{1D79612C-4754-0645-FC8B-B1A73CCA9BF7}.Debug|Any CPU.ActiveCfg = Debug|Any CPU
		{1D79612C-4754-0645-FC8B-B1A73CCA9BF7}.Debug|Any CPU.Build.0 = Debug|Any CPU
		{1D79612C-4754-0645-FC8B-B1A73CCA9BF7}.Release|Any CPU.ActiveCfg = Release|Any CPU
		{1D79612C-4754-0645-FC8B-B1A73CCA9BF7}.Release|Any CPU.Build.0 = Release|Any CPU
		{0F2F5EB4-E62D-B1CF-0C04-6E058D829E14}.Debug|Any CPU.ActiveCfg = Debug|Any CPU
		{0F2F5EB4-E62D-B1CF-0C04-6E058D829E14}.Debug|Any CPU.Build.0 = Debug|Any CPU
		{0F2F5EB4-E62D-B1CF-0C04-6E058D829E14}.Release|Any CPU.ActiveCfg = Release|Any CPU
		{0F2F5EB4-E62D-B1CF-0C04-6E058D829E14}.Release|Any CPU.Build.0 = Release|Any CPU
		{0347835E-DB5C-6A79-DC27-A889B7CB6BBB}.Debug|Any CPU.ActiveCfg = Debug|Any CPU
		{0347835E-DB5C-6A79-DC27-A889B7CB6BBB}.Debug|Any CPU.Build.0 = Debug|Any CPU
		{0347835E-DB5C-6A79-DC27-A889B7CB6BBB}.Release|Any CPU.ActiveCfg = Release|Any CPU
		{0347835E-DB5C-6A79-DC27-A889B7CB6BBB}.Release|Any CPU.Build.0 = Release|Any CPU
		{31D64FE6-F9D3-BBBC-19E0-AA902A22A42F}.Debug|Any CPU.ActiveCfg = Debug|Any CPU
		{31D64FE6-F9D3-BBBC-19E0-AA902A22A42F}.Debug|Any CPU.Build.0 = Debug|Any CPU
		{31D64FE6-F9D3-BBBC-19E0-AA902A22A42F}.Release|Any CPU.ActiveCfg = Release|Any CPU
		{31D64FE6-F9D3-BBBC-19E0-AA902A22A42F}.Release|Any CPU.Build.0 = Release|Any CPU
		{85A60CE4-21F1-8CD3-67C1-50ECA4703141}.Debug|Any CPU.ActiveCfg = Debug|Any CPU
		{85A60CE4-21F1-8CD3-67C1-50ECA4703141}.Debug|Any CPU.Build.0 = Debug|Any CPU
		{85A60CE4-21F1-8CD3-67C1-50ECA4703141}.Release|Any CPU.ActiveCfg = Release|Any CPU
		{85A60CE4-21F1-8CD3-67C1-50ECA4703141}.Release|Any CPU.Build.0 = Release|Any CPU
		{ED292354-F499-5345-D563-8509E35885F7}.Debug|Any CPU.ActiveCfg = Debug|Any CPU
		{ED292354-F499-5345-D563-8509E35885F7}.Debug|Any CPU.Build.0 = Debug|Any CPU
		{ED292354-F499-5345-D563-8509E35885F7}.Release|Any CPU.ActiveCfg = Release|Any CPU
		{ED292354-F499-5345-D563-8509E35885F7}.Release|Any CPU.Build.0 = Release|Any CPU
		{03BFB589-0D15-D8B3-AD49-3FE8C5690326}.Debug|Any CPU.ActiveCfg = Debug|Any CPU
		{03BFB589-0D15-D8B3-AD49-3FE8C5690326}.Debug|Any CPU.Build.0 = Debug|Any CPU
		{03BFB589-0D15-D8B3-AD49-3FE8C5690326}.Release|Any CPU.ActiveCfg = Release|Any CPU
		{03BFB589-0D15-D8B3-AD49-3FE8C5690326}.Release|Any CPU.Build.0 = Release|Any CPU
		{0DA1D5C6-DBD7-2D1E-AB22-D0535009BFC2}.Debug|Any CPU.ActiveCfg = Debug|Any CPU
		{0DA1D5C6-DBD7-2D1E-AB22-D0535009BFC2}.Debug|Any CPU.Build.0 = Debug|Any CPU
		{0DA1D5C6-DBD7-2D1E-AB22-D0535009BFC2}.Release|Any CPU.ActiveCfg = Release|Any CPU
		{0DA1D5C6-DBD7-2D1E-AB22-D0535009BFC2}.Release|Any CPU.Build.0 = Release|Any CPU
		{34904695-713F-E15D-1125-45D32386B169}.Debug|Any CPU.ActiveCfg = Debug|Any CPU
		{34904695-713F-E15D-1125-45D32386B169}.Debug|Any CPU.Build.0 = Debug|Any CPU
		{34904695-713F-E15D-1125-45D32386B169}.Release|Any CPU.ActiveCfg = Release|Any CPU
		{34904695-713F-E15D-1125-45D32386B169}.Release|Any CPU.Build.0 = Release|Any CPU
		{BB8CE91A-B71D-E489-C2F5-69B9572AEEB3}.Debug|Any CPU.ActiveCfg = Debug|Any CPU
		{BB8CE91A-B71D-E489-C2F5-69B9572AEEB3}.Debug|Any CPU.Build.0 = Debug|Any CPU
		{BB8CE91A-B71D-E489-C2F5-69B9572AEEB3}.Release|Any CPU.ActiveCfg = Release|Any CPU
		{BB8CE91A-B71D-E489-C2F5-69B9572AEEB3}.Release|Any CPU.Build.0 = Release|Any CPU
		{D7F55878-EB74-D5A3-D54C-E2D467D9A1DD}.Debug|Any CPU.ActiveCfg = Debug|Any CPU
		{D7F55878-EB74-D5A3-D54C-E2D467D9A1DD}.Debug|Any CPU.Build.0 = Debug|Any CPU
		{D7F55878-EB74-D5A3-D54C-E2D467D9A1DD}.Release|Any CPU.ActiveCfg = Release|Any CPU
		{D7F55878-EB74-D5A3-D54C-E2D467D9A1DD}.Release|Any CPU.Build.0 = Release|Any CPU
		{1EE7CD7B-2C82-84C1-1F6E-4C63AD179C8B}.Debug|Any CPU.ActiveCfg = Debug|Any CPU
		{1EE7CD7B-2C82-84C1-1F6E-4C63AD179C8B}.Debug|Any CPU.Build.0 = Debug|Any CPU
		{1EE7CD7B-2C82-84C1-1F6E-4C63AD179C8B}.Release|Any CPU.ActiveCfg = Release|Any CPU
		{1EE7CD7B-2C82-84C1-1F6E-4C63AD179C8B}.Release|Any CPU.Build.0 = Release|Any CPU
		{ADAB4591-A39A-DC73-CCC0-538F4D6EBACF}.Debug|Any CPU.ActiveCfg = Debug|Any CPU
		{ADAB4591-A39A-DC73-CCC0-538F4D6EBACF}.Debug|Any CPU.Build.0 = Debug|Any CPU
		{ADAB4591-A39A-DC73-CCC0-538F4D6EBACF}.Release|Any CPU.ActiveCfg = Release|Any CPU
		{ADAB4591-A39A-DC73-CCC0-538F4D6EBACF}.Release|Any CPU.Build.0 = Release|Any CPU
		{3B0B19C9-79FF-E2E4-6A32-825149A46E19}.Debug|Any CPU.ActiveCfg = Debug|Any CPU
		{3B0B19C9-79FF-E2E4-6A32-825149A46E19}.Debug|Any CPU.Build.0 = Debug|Any CPU
		{3B0B19C9-79FF-E2E4-6A32-825149A46E19}.Release|Any CPU.ActiveCfg = Release|Any CPU
		{3B0B19C9-79FF-E2E4-6A32-825149A46E19}.Release|Any CPU.Build.0 = Release|Any CPU
		{7D4A09AD-D6F5-4690-D54A-0F6748489615}.Debug|Any CPU.ActiveCfg = Debug|Any CPU
		{7D4A09AD-D6F5-4690-D54A-0F6748489615}.Debug|Any CPU.Build.0 = Debug|Any CPU
		{7D4A09AD-D6F5-4690-D54A-0F6748489615}.Release|Any CPU.ActiveCfg = Release|Any CPU
		{7D4A09AD-D6F5-4690-D54A-0F6748489615}.Release|Any CPU.Build.0 = Release|Any CPU
		{3461699E-0A32-E7D1-F953-E5112A48D82A}.Debug|Any CPU.ActiveCfg = Debug|Any CPU
		{3461699E-0A32-E7D1-F953-E5112A48D82A}.Debug|Any CPU.Build.0 = Debug|Any CPU
		{3461699E-0A32-E7D1-F953-E5112A48D82A}.Release|Any CPU.ActiveCfg = Release|Any CPU
		{3461699E-0A32-E7D1-F953-E5112A48D82A}.Release|Any CPU.Build.0 = Release|Any CPU
		{DEE17080-2A8A-C99D-C851-25D6FA10C3E7}.Debug|Any CPU.ActiveCfg = Debug|Any CPU
		{DEE17080-2A8A-C99D-C851-25D6FA10C3E7}.Debug|Any CPU.Build.0 = Debug|Any CPU
		{DEE17080-2A8A-C99D-C851-25D6FA10C3E7}.Release|Any CPU.ActiveCfg = Release|Any CPU
		{DEE17080-2A8A-C99D-C851-25D6FA10C3E7}.Release|Any CPU.Build.0 = Release|Any CPU
		{883D9DAC-7778-A609-235B-E215E7693333}.Debug|Any CPU.ActiveCfg = Debug|Any CPU
		{883D9DAC-7778-A609-235B-E215E7693333}.Debug|Any CPU.Build.0 = Debug|Any CPU
		{883D9DAC-7778-A609-235B-E215E7693333}.Release|Any CPU.ActiveCfg = Release|Any CPU
		{883D9DAC-7778-A609-235B-E215E7693333}.Release|Any CPU.Build.0 = Release|Any CPU
		{42CC9136-CD90-00D9-A1A2-DF24AB82CA29}.Debug|Any CPU.ActiveCfg = Debug|Any CPU
		{42CC9136-CD90-00D9-A1A2-DF24AB82CA29}.Debug|Any CPU.Build.0 = Debug|Any CPU
		{42CC9136-CD90-00D9-A1A2-DF24AB82CA29}.Release|Any CPU.ActiveCfg = Release|Any CPU
		{42CC9136-CD90-00D9-A1A2-DF24AB82CA29}.Release|Any CPU.Build.0 = Release|Any CPU
		{3FAA893D-581D-EF47-2B2A-3036E4C63F93}.Debug|Any CPU.ActiveCfg = Debug|Any CPU
		{3FAA893D-581D-EF47-2B2A-3036E4C63F93}.Debug|Any CPU.Build.0 = Debug|Any CPU
		{3FAA893D-581D-EF47-2B2A-3036E4C63F93}.Release|Any CPU.ActiveCfg = Release|Any CPU
		{3FAA893D-581D-EF47-2B2A-3036E4C63F93}.Release|Any CPU.Build.0 = Release|Any CPU
		{B3125B20-429E-0196-1B35-D14378385A00}.Debug|Any CPU.ActiveCfg = Debug|Any CPU
		{B3125B20-429E-0196-1B35-D14378385A00}.Debug|Any CPU.Build.0 = Debug|Any CPU
		{B3125B20-429E-0196-1B35-D14378385A00}.Release|Any CPU.ActiveCfg = Release|Any CPU
		{B3125B20-429E-0196-1B35-D14378385A00}.Release|Any CPU.Build.0 = Release|Any CPU
		{1E832BEC-AEE0-BB09-F223-13B3AA258431}.Debug|Any CPU.ActiveCfg = Debug|Any CPU
		{1E832BEC-AEE0-BB09-F223-13B3AA258431}.Debug|Any CPU.Build.0 = Debug|Any CPU
		{1E832BEC-AEE0-BB09-F223-13B3AA258431}.Release|Any CPU.ActiveCfg = Release|Any CPU
		{1E832BEC-AEE0-BB09-F223-13B3AA258431}.Release|Any CPU.Build.0 = Release|Any CPU
		{FC8FD4EF-FD9E-769B-517B-7BB0C3037E5F}.Debug|Any CPU.ActiveCfg = Debug|Any CPU
		{FC8FD4EF-FD9E-769B-517B-7BB0C3037E5F}.Debug|Any CPU.Build.0 = Debug|Any CPU
		{FC8FD4EF-FD9E-769B-517B-7BB0C3037E5F}.Release|Any CPU.ActiveCfg = Release|Any CPU
		{FC8FD4EF-FD9E-769B-517B-7BB0C3037E5F}.Release|Any CPU.Build.0 = Release|Any CPU
		{83131542-D28F-34D5-F948-E86A5D0C220D}.Debug|Any CPU.ActiveCfg = Debug|Any CPU
		{83131542-D28F-34D5-F948-E86A5D0C220D}.Debug|Any CPU.Build.0 = Debug|Any CPU
		{83131542-D28F-34D5-F948-E86A5D0C220D}.Release|Any CPU.ActiveCfg = Release|Any CPU
		{83131542-D28F-34D5-F948-E86A5D0C220D}.Release|Any CPU.Build.0 = Release|Any CPU
		{A71DB68C-6D87-8FFD-DEAD-8DE2FFF03F00}.Debug|Any CPU.ActiveCfg = Debug|Any CPU
		{A71DB68C-6D87-8FFD-DEAD-8DE2FFF03F00}.Debug|Any CPU.Build.0 = Debug|Any CPU
		{A71DB68C-6D87-8FFD-DEAD-8DE2FFF03F00}.Release|Any CPU.ActiveCfg = Release|Any CPU
		{A71DB68C-6D87-8FFD-DEAD-8DE2FFF03F00}.Release|Any CPU.Build.0 = Release|Any CPU
		{4298B5E9-80CB-7BDD-376D-DFE742E5C877}.Debug|Any CPU.ActiveCfg = Debug|Any CPU
		{4298B5E9-80CB-7BDD-376D-DFE742E5C877}.Debug|Any CPU.Build.0 = Debug|Any CPU
		{4298B5E9-80CB-7BDD-376D-DFE742E5C877}.Release|Any CPU.ActiveCfg = Release|Any CPU
		{4298B5E9-80CB-7BDD-376D-DFE742E5C877}.Release|Any CPU.Build.0 = Release|Any CPU
		{E603D62A-3B48-315E-3F78-966CED8CB27E}.Debug|Any CPU.ActiveCfg = Debug|Any CPU
		{E603D62A-3B48-315E-3F78-966CED8CB27E}.Debug|Any CPU.Build.0 = Debug|Any CPU
		{E603D62A-3B48-315E-3F78-966CED8CB27E}.Release|Any CPU.ActiveCfg = Release|Any CPU
		{E603D62A-3B48-315E-3F78-966CED8CB27E}.Release|Any CPU.Build.0 = Release|Any CPU
		{D18EDB93-60AA-7CAB-0361-B57C04493A24}.Debug|Any CPU.ActiveCfg = Debug|Any CPU
		{D18EDB93-60AA-7CAB-0361-B57C04493A24}.Debug|Any CPU.Build.0 = Debug|Any CPU
		{D18EDB93-60AA-7CAB-0361-B57C04493A24}.Release|Any CPU.ActiveCfg = Release|Any CPU
		{D18EDB93-60AA-7CAB-0361-B57C04493A24}.Release|Any CPU.Build.0 = Release|Any CPU
		{0BC040EC-3850-B6B0-D620-356EF77B83B5}.Debug|Any CPU.ActiveCfg = Debug|Any CPU
		{0BC040EC-3850-B6B0-D620-356EF77B83B5}.Debug|Any CPU.Build.0 = Debug|Any CPU
		{0BC040EC-3850-B6B0-D620-356EF77B83B5}.Release|Any CPU.ActiveCfg = Release|Any CPU
		{0BC040EC-3850-B6B0-D620-356EF77B83B5}.Release|Any CPU.Build.0 = Release|Any CPU
		{D3E1B78E-61D4-CF0C-34AA-0C88F00E8535}.Debug|Any CPU.ActiveCfg = Debug|Any CPU
		{D3E1B78E-61D4-CF0C-34AA-0C88F00E8535}.Debug|Any CPU.Build.0 = Debug|Any CPU
		{D3E1B78E-61D4-CF0C-34AA-0C88F00E8535}.Release|Any CPU.ActiveCfg = Release|Any CPU
		{D3E1B78E-61D4-CF0C-34AA-0C88F00E8535}.Release|Any CPU.Build.0 = Release|Any CPU
		{6283ACE6-D973-1FF1-7D88-F2F4A8064B02}.Debug|Any CPU.ActiveCfg = Debug|Any CPU
		{6283ACE6-D973-1FF1-7D88-F2F4A8064B02}.Debug|Any CPU.Build.0 = Debug|Any CPU
		{6283ACE6-D973-1FF1-7D88-F2F4A8064B02}.Release|Any CPU.ActiveCfg = Release|Any CPU
		{6283ACE6-D973-1FF1-7D88-F2F4A8064B02}.Release|Any CPU.Build.0 = Release|Any CPU
		{E31CB371-7DB0-2FC6-7BC8-98BC8EF1341D}.Debug|Any CPU.ActiveCfg = Debug|Any CPU
		{E31CB371-7DB0-2FC6-7BC8-98BC8EF1341D}.Debug|Any CPU.Build.0 = Debug|Any CPU
		{E31CB371-7DB0-2FC6-7BC8-98BC8EF1341D}.Release|Any CPU.ActiveCfg = Release|Any CPU
		{E31CB371-7DB0-2FC6-7BC8-98BC8EF1341D}.Release|Any CPU.Build.0 = Release|Any CPU
	EndGlobalSection
	GlobalSection(SolutionProperties) = preSolution
		HideSolutionNode = FALSE
	EndGlobalSection
EndGlobal
